
Microsoft Visual Studio Solution File, Format Version 12.00
# Visual Studio Version 16
VisualStudioVersion = 16.0.31313.79
MinimumVisualStudioVersion = 10.0.40219.1
Project("{F184B08F-C81C-45F6-A57F-5ABD9991F28F}") = "prjCreatePatch", "prjCreatePatch.vbproj", "{912F4DCF-D199-465B-9941-B9538FB3A4DA}"
EndProject
Global
	GlobalSection(SolutionConfigurationPlatforms) = preSolution
		Debug|Any CPU = Debug|Any CPU
		Release|Any CPU = Release|Any CPU
	EndGlobalSection
	GlobalSection(ProjectConfigurationPlatforms) = postSolution
		{912F4DCF-D199-465B-9941-B9538FB3A4DA}.Debug|Any CPU.ActiveCfg = Debug|Any CPU
		{912F4DCF-D199-465B-9941-B9538FB3A4DA}.Debug|Any CPU.Build.0 = Debug|Any CPU
		{912F4DCF-D199-465B-9941-B9538FB3A4DA}.Release|Any CPU.ActiveCfg = Release|Any CPU
		{912F4DCF-D199-465B-9941-B9538FB3A4DA}.Release|Any CPU.Build.0 = Release|Any CPU
	EndGlobalSection
	GlobalSection(SolutionProperties) = preSolution
		HideSolutionNode = FALSE
	EndGlobalSection
	GlobalSection(ExtensibilityGlobals) = postSolution
		SolutionGuid = {68A6DECF-37BA-4ECE-98B0-C4553B440227}
	EndGlobalSection
EndGlobal
